
Microsoft Visual Studio Solution File, Format Version 12.00
# Visual Studio 15
VisualStudioVersion = 15.0.28307.136
MinimumVisualStudioVersion = 10.0.40219.1
Project("{FAE04EC0-301F-11D3-BF4B-00C04F79EFBC}") = "PromotionEngine", "PromotionEngine\PromotionEngine.csproj", "{DBC3E7D2-FA9A-433D-A832-73FB2359A8C1}"
EndProject
Global
	GlobalSection(SolutionConfigurationPlatforms) = preSolution
		Debug|Any CPU = Debug|Any CPU
		Release|Any CPU = Release|Any CPU
	EndGlobalSection
	GlobalSection(ProjectConfigurationPlatforms) = postSolution
		{DBC3E7D2-FA9A-433D-A832-73FB2359A8C1}.Debug|Any CPU.ActiveCfg = Debug|Any CPU
		{DBC3E7D2-FA9A-433D-A832-73FB2359A8C1}.Debug|Any CPU.Build.0 = Debug|Any CPU
		{DBC3E7D2-FA9A-433D-A832-73FB2359A8C1}.Release|Any CPU.ActiveCfg = Release|Any CPU
		{DBC3E7D2-FA9A-433D-A832-73FB2359A8C1}.Release|Any CPU.Build.0 = Release|Any CPU
	EndGlobalSection
	GlobalSection(SolutionProperties) = preSolution
		HideSolutionNode = FALSE
	EndGlobalSection
	GlobalSection(ExtensibilityGlobals) = postSolution
		SolutionGuid = {0430FDBA-E9B7-4F45-BB73-A583B3BDD2AE}
	EndGlobalSection
EndGlobal
